
Microsoft Visual Studio Solution File, Format Version 12.00
# Visual Studio Version 17
VisualStudioVersion = 17.14.36212.18 d17.14
MinimumVisualStudioVersion = 10.0.40219.1
Project("{FAE04EC0-301F-11D3-BF4B-00C04F79EFBC}") = "Demo.Presentation", "Demo.Presentation\Demo.Presentation.csproj", "{80A8D5B7-B280-4DAA-8705-A8B369CAEAE1}"
EndProject
Project("{FAE04EC0-301F-11D3-BF4B-00C04F79EFBC}") = "Demo.BusinessLogic", "Demo.BusinessLogic\Demo.BusinessLogic.csproj", "{62D84342-3241-4822-96B0-5931ADE5D0D1}"
EndProject
Project("{FAE04EC0-301F-11D3-BF4B-00C04F79EFBC}") = "Demo.DataAccess", "Demo.DataAccess\Demo.DataAccess.csproj", "{0602D9B9-7153-4046-BBA0-E935F5AE7076}"
EndProject
Global
	GlobalSection(SolutionConfigurationPlatforms) = preSolution
		Debug|Any CPU = Debug|Any CPU
		Release|Any CPU = Release|Any CPU
	EndGlobalSection
	GlobalSection(ProjectConfigurationPlatforms) = postSolution
		{80A8D5B7-B280-4DAA-8705-A8B369CAEAE1}.Debug|Any CPU.ActiveCfg = Debug|Any CPU
		{80A8D5B7-B280-4DAA-8705-A8B369CAEAE1}.Debug|Any CPU.Build.0 = Debug|Any CPU
		{80A8D5B7-B280-4DAA-8705-A8B369CAEAE1}.Release|Any CPU.ActiveCfg = Release|Any CPU
		{80A8D5B7-B280-4DAA-8705-A8B369CAEAE1}.Release|Any CPU.Build.0 = Release|Any CPU
		{62D84342-3241-4822-96B0-5931ADE5D0D1}.Debug|Any CPU.ActiveCfg = Debug|Any CPU
		{62D84342-3241-4822-96B0-5931ADE5D0D1}.Debug|Any CPU.Build.0 = Debug|Any CPU
		{62D84342-3241-4822-96B0-5931ADE5D0D1}.Release|Any CPU.ActiveCfg = Release|Any CPU
		{62D84342-3241-4822-96B0-5931ADE5D0D1}.Release|Any CPU.Build.0 = Release|Any CPU
		{0602D9B9-7153-4046-BBA0-E935F5AE7076}.Debug|Any CPU.ActiveCfg = Debug|Any CPU
		{0602D9B9-7153-4046-BBA0-E935F5AE7076}.Debug|Any CPU.Build.0 = Debug|Any CPU
		{0602D9B9-7153-4046-BBA0-E935F5AE7076}.Release|Any CPU.ActiveCfg = Release|Any CPU
		{0602D9B9-7153-4046-BBA0-E935F5AE7076}.Release|Any CPU.Build.0 = Release|Any CPU
	EndGlobalSection
	GlobalSection(SolutionProperties) = preSolution
		HideSolutionNode = FALSE
	EndGlobalSection
	GlobalSection(ExtensibilityGlobals) = postSolution
		SolutionGuid = {BD88A9F1-D471-4B74-BA3B-4BE4BA978F59}
	EndGlobalSection
EndGlobal
